// !$*UTF8*$!
{
	archiveVersion = 1;
	classes = {
	};
	objectVersion = 46;
	objects = {

/* Begin PBXBuildFile section */
		10027D7C1C8D129F00A590CE /* libBaiduMobStat.a in Frameworks */ = {isa = PBXBuildFile; fileRef = 10027D7B1C8D129F00A590CE /* libBaiduMobStat.a */; };
		10F62EB71CB8B1BB00C29CC4 /* RNMtj.m in Sources */ = {isa = PBXBuildFile; fileRef = 10F62EB61CB8B1BB00C29CC4 /* RNMtj.m */; };
/* End PBXBuildFile section */

/* Begin PBXCopyFilesBuildPhase section */
		10E66EFE1C880E8B003097DA /* CopyFiles */ = {
			isa = PBXCopyFilesBuildPhase;
			buildActionMask = 2147483647;
			dstPath = "include/$(PRODUCT_NAME)";
			dstSubfolderSpec = 16;
			files = (
			);
			runOnlyForDeploymentPostprocessing = 0;
		};
/* End PBXCopyFilesBuildPhase section */

/* Begin PBXFileReference section */
		10027D7B1C8D129F00A590CE /* libBaiduMobStat.a */ = {isa = PBXFileReference; lastKnownFileType = archive.ar; path = libBaiduMobStat.a; sourceTree = "<group>"; };
		10866C581C8C36DE00A2D844 /* BaiduMobStat.h */ = {isa = PBXFileReference; fileEncoding = 4; lastKnownFileType = sourcecode.c.h; path = BaiduMobStat.h; sourceTree = "<group>"; };
		10E66F001C880E8B003097DA /* libRNMtj.a */ = {isa = PBXFileReference; explicitFileType = archive.ar; includeInIndex = 0; path = libRNMtj.a; sourceTree = BUILT_PRODUCTS_DIR; };
		10F62EB51CB8B1BB00C29CC4 /* RNMtj.h */ = {isa = PBXFileReference; fileEncoding = 4; lastKnownFileType = sourcecode.c.h; name = RNMtj.h; path = RNMtj/RNMtj.h; sourceTree = SOURCE_ROOT; };
		10F62EB61CB8B1BB00C29CC4 /* RNMtj.m */ = {isa = PBXFileReference; fileEncoding = 4; lastKnownFileType = sourcecode.c.objc; name = RNMtj.m; path = RNMtj/RNMtj.m; sourceTree = SOURCE_ROOT; };
/* End PBXFileReference section */

/* Begin PBXFrameworksBuildPhase section */
		10E66EFD1C880E8B003097DA /* Frameworks */ = {
			isa = PBXFrameworksBuildPhase;
			buildActionMask = 2147483647;
			files = (
				10027D7C1C8D129F00A590CE /* libBaiduMobStat.a in Frameworks */,
			);
			runOnlyForDeploymentPostprocessing = 0;
		};
/* End PBXFrameworksBuildPhase section */

/* Begin PBXGroup section */
		10E66EF71C880E8B003097DA = {
			isa = PBXGroup;
			children = (
				10027D7B1C8D129F00A590CE /* libBaiduMobStat.a */,
				10866C581C8C36DE00A2D844 /* BaiduMobStat.h */,
				10E66F021C880E8B003097DA /* RNMtj */,
				10E66F011C880E8B003097DA /* Products */,
			);
			sourceTree = "<group>";
		};
		10E66F011C880E8B003097DA /* Products */ = {
			isa = PBXGroup;
			children = (
				10E66F001C880E8B003097DA /* libRNMtj.a */,
			);
			name = Products;
			sourceTree = "<group>";
		};
		10E66F021C880E8B003097DA /* RNMtj */ = {
			isa = PBXGroup;
			children = (
				10F62EB51CB8B1BB00C29CC4 /* RNMtj.h */,
				10F62EB61CB8B1BB00C29CC4 /* RNMtj.m */,
			);
			name = RNMtj;
			path = RCTBaiduMobStat;
			sourceTree = "<group>";
		};
/* End PBXGroup section */

/* Begin PBXNativeTarget section */
		10E66EFF1C880E8B003097DA /* RNMtj */ = {
			isa = PBXNativeTarget;
			buildConfigurationList = 10E66F091C880E8B003097DA /* Build configuration list for PBXNativeTarget "RNMtj" */;
			buildPhases = (
				10E66EFC1C880E8B003097DA /* Sources */,
				10E66EFD1C880E8B003097DA /* Frameworks */,
				10E66EFE1C880E8B003097DA /* CopyFiles */,
			);
			buildRules = (
			);
			dependencies = (
			);
			name = RNMtj;
			productName = RCTBaiduMobStat;
			productReference = 10E66F001C880E8B003097DA /* libRNMtj.a */;
			productType = "com.apple.product-type.library.static";
		};
/* End PBXNativeTarget section */

/* Begin PBXProject section */
		10E66EF81C880E8B003097DA /* Project object */ = {
			isa = PBXProject;
			attributes = {
				LastUpgradeCheck = 0720;
				ORGANIZATIONNAME = horcrux;
				TargetAttributes = {
					10E66EFF1C880E8B003097DA = {
						CreatedOnToolsVersion = 7.2;
					};
				};
			};
			buildConfigurationList = 10E66EFB1C880E8B003097DA /* Build configuration list for PBXProject "RNMtj" */;
			compatibilityVersion = "Xcode 3.2";
			developmentRegion = English;
			hasScannedForEncodings = 0;
			knownRegions = (
				en,
			);
			mainGroup = 10E66EF71C880E8B003097DA;
			productRefGroup = 10E66F011C880E8B003097DA /* Products */;
			projectDirPath = "";
			projectRoot = "";
			targets = (
				10E66EFF1C880E8B003097DA /* RNMtj */,
			);
		};
/* End PBXProject section */

/* Begin PBXSourcesBuildPhase section */
		10E66EFC1C880E8B003097DA /* Sources */ = {
			isa = PBXSourcesBuildPhase;
			buildActionMask = 2147483647;
			files = (
				10F62EB71CB8B1BB00C29CC4 /* RNMtj.m in Sources */,
			);
			runOnlyForDeploymentPostprocessing = 0;
		};
/* End PBXSourcesBuildPhase section */

/* Begin XCBuildConfiguration section */
		10E66F071C880E8B003097DA /* Debug */ = {
			isa = XCBuildConfiguration;
			buildSettings = {
				ALWAYS_SEARCH_USER_PATHS = NO;
				CLANG_CXX_LANGUAGE_STANDARD = "gnu++0x";
				CLANG_CXX_LIBRARY = "libc++";
				CLANG_ENABLE_MODULES = YES;
				CLANG_ENABLE_OBJC_ARC = YES;
				CLANG_WARN_BOOL_CONVERSION = YES;
				CLANG_WARN_CONSTANT_CONVERSION = YES;
				CLANG_WARN_DIRECT_OBJC_ISA_USAGE = YES_ERROR;
				CLANG_WARN_EMPTY_BODY = YES;
				CLANG_WARN_ENUM_CONVERSION = YES;
				CLANG_WARN_INT_CONVERSION = YES;
				CLANG_WARN_OBJC_ROOT_CLASS = YES_ERROR;
				CLANG_WARN_UNREACHABLE_CODE = YES;
				CLANG_WARN__DUPLICATE_METHOD_MATCH = YES;
				"CODE_SIGN_IDENTITY[sdk=iphoneos*]" = "iPhone Developer";
				COPY_PHASE_STRIP = NO;
				DEBUG_INFORMATION_FORMAT = dwarf;
				ENABLE_STRICT_OBJC_MSGSEND = YES;
				ENABLE_TESTABILITY = YES;
				GCC_C_LANGUAGE_STANDARD = gnu99;
				GCC_DYNAMIC_NO_PIC = NO;
				GCC_NO_COMMON_BLOCKS = YES;
				GCC_OPTIMIZATION_LEVEL = 0;
				GCC_PREPROCESSOR_DEFINITIONS = (
					"DEBUG=1",
					"$(inherited)",
				);
				GCC_WARN_64_TO_32_BIT_CONVERSION = YES;
				GCC_WARN_ABOUT_RETURN_TYPE = YES_ERROR;
				GCC_WARN_UNDECLARED_SELECTOR = YES;
				GCC_WARN_UNINITIALIZED_AUTOS = YES_AGGRESSIVE;
				GCC_WARN_UNUSED_FUNCTION = YES;
				GCC_WARN_UNUSED_VARIABLE = YES;
				IPHONEOS_DEPLOYMENT_TARGET = 7.0;
				MTL_ENABLE_DEBUG_INFO = YES;
				ONLY_ACTIVE_ARCH = YES;
				SDKROOT = iphoneos;
			};
			name = Debug;
		};
		10E66F081C880E8B003097DA /* Release */ = {
			isa = XCBuildConfiguration;
			buildSettings = {
				ALWAYS_SEARCH_USER_PATHS = NO;
				CLANG_CXX_LANGUAGE_STANDARD = "gnu++0x";
				CLANG_CXX_LIBRARY = "libc++";
				CLANG_ENABLE_MODULES = YES;
				CLANG_ENABLE_OBJC_ARC = YES;
				CLANG_WARN_BOOL_CONVERSION = YES;
				CLANG_WARN_CONSTANT_CONVERSION = YES;
				CLANG_WARN_DIRECT_OBJC_ISA_USAGE = YES_ERROR;
				CLANG_WARN_EMPTY_BODY = YES;
				CLANG_WARN_ENUM_CONVERSION = YES;
				CLANG_WARN_INT_CONVERSION = YES;
				CLANG_WARN_OBJC_ROOT_CLASS = YES_ERROR;
				CLANG_WARN_UNREACHABLE_CODE = YES;
				CLANG_WARN__DUPLICATE_METHOD_MATCH = YES;
				"CODE_SIGN_IDENTITY[sdk=iphoneos*]" = "iPhone Developer";
				COPY_PHASE_STRIP = NO;
				DEBUG_INFORMATION_FORMAT = "dwarf-with-dsym";
				ENABLE_NS_ASSERTIONS = NO;
				ENABLE_STRICT_OBJC_MSGSEND = YES;
				GCC_C_LANGUAGE_STANDARD = gnu99;
				GCC_NO_COMMON_BLOCKS = YES;
				GCC_WARN_64_TO_32_BIT_CONVERSION = YES;
				GCC_WARN_ABOUT_RETURN_TYPE = YES_ERROR;
				GCC_WARN_UNDECLARED_SELECTOR = YES;
				GCC_WARN_UNINITIALIZED_AUTOS = YES_AGGRESSIVE;
				GCC_WARN_UNUSED_FUNCTION = YES;
				GCC_WARN_UNUSED_VARIABLE = YES;
				IPHONEOS_DEPLOYMENT_TARGET = 7.0;
				MTL_ENABLE_DEBUG_INFO = NO;
				SDKROOT = iphoneos;
				VALIDATE_PRODUCT = YES;
			};
			name = Release;
		};
		10E66F0A1C880E8B003097DA /* Debug */ = {
			isa = XCBuildConfiguration;
			buildSettings = {
				HEADER_SEARCH_PATHS = (
					"$(inherited)",
					/Applications/Xcode.app/Contents/Developer/Toolchains/XcodeDefault.xctoolchain/usr/include,
					"$(SRCROOT)/../../react-native/React/**",
				);
				LIBRARY_SEARCH_PATHS = (
					"$(inherited)",
					"$(PROJECT_DIR)",
				);
				OTHER_LDFLAGS = "-ObjC";
				PRODUCT_NAME = RNMtj;
				SKIP_INSTALL = YES;
			};
			name = Debug;
		};
		10E66F0B1C880E8B003097DA /* Release */ = {
			isa = XCBuildConfiguration;
			buildSettings = {
				HEADER_SEARCH_PATHS = (
					"$(inherited)",
					/Applications/Xcode.app/Contents/Developer/Toolchains/XcodeDefault.xctoolchain/usr/include,
					"$(SRCROOT)/../../react-native/React/**",
				);
				LIBRARY_SEARCH_PATHS = (
					"$(inherited)",
					"$(PROJECT_DIR)",
				);
				OTHER_LDFLAGS = "-ObjC";
				PRODUCT_NAME = RNMtj;
				SKIP_INSTALL = YES;
			};
			name = Release;
		};
/* End XCBuildConfiguration section */

/* Begin XCConfigurationList section */
		10E66EFB1C880E8B003097DA /* Build configuration list for PBXProject "RNMtj" */ = {
			isa = XCConfigurationList;
			buildConfigurations = (
				10E66F071C880E8B003097DA /* Debug */,
				10E66F081C880E8B003097DA /* Release */,
			);
			defaultConfigurationIsVisible = 0;
			defaultConfigurationName = Release;
		};
		10E66F091C880E8B003097DA /* Build configuration list for PBXNativeTarget "RNMtj" */ = {
			isa = XCConfigurationList;
			buildConfigurations = (
				10E66F0A1C880E8B003097DA /* Debug */,
				10E66F0B1C880E8B003097DA /* Release */,
			);
			defaultConfigurationIsVisible = 0;
			defaultConfigurationName = Release;
		};
/* End XCConfigurationList section */
	};
	rootObject = 10E66EF81C880E8B003097DA /* Project object */;
}
